
Microsoft Visual Studio Solution File, Format Version 12.00
# Visual Studio Version 17
VisualStudioVersion = 17.8.34330.188
MinimumVisualStudioVersion = 10.0.40219.1
Project("{FAE04EC0-301F-11D3-BF4B-00C04F79EFBC}") = "AuthenticationModel", "AuthenticationModel.csproj", "{D838B1BA-7A43-4C90-B63F-09EE6E1BF39A}"
EndProject
Global
	GlobalSection(SolutionConfigurationPlatforms) = preSolution
		Debug|Any CPU = Debug|Any CPU
		Release|Any CPU = Release|Any CPU
	EndGlobalSection
	GlobalSection(ProjectConfigurationPlatforms) = postSolution
		{D838B1BA-7A43-4C90-B63F-09EE6E1BF39A}.Debug|Any CPU.ActiveCfg = Debug|Any CPU
		{D838B1BA-7A43-4C90-B63F-09EE6E1BF39A}.Debug|Any CPU.Build.0 = Debug|Any CPU
		{D838B1BA-7A43-4C90-B63F-09EE6E1BF39A}.Release|Any CPU.ActiveCfg = Release|Any CPU
		{D838B1BA-7A43-4C90-B63F-09EE6E1BF39A}.Release|Any CPU.Build.0 = Release|Any CPU
	EndGlobalSection
	GlobalSection(SolutionProperties) = preSolution
		HideSolutionNode = FALSE
	EndGlobalSection
	GlobalSection(ExtensibilityGlobals) = postSolution
		SolutionGuid = {1080D2FA-8EEF-4743-B6FD-1F8A8E8D4E34}
	EndGlobalSection
EndGlobal
